{
  "name": "nodejs-express-app",
  "version": "1.0.0",
  "lockfileVersion": 2,
  "requires": true,
  "packages": {
    "": {
      "name": "nodejs-express-app",
      "version": "1.0.0",
      "license": "MIT",
      "dependencies": {
        "dotenv": "^10.0.0",
        "express": "^4.17.1",
        "mongoose": "^6.0.12"
      },
      "devDependencies": {
        "eslint": "^7.32.0",
        "nodemon": "^2.0.12"
      }
    },
    "node_modules/abbrev": {
      "version": "1.1.1",
      "resolved": "https://registry.npmjs.org/abbrev/-/abbrev-1.1.1.tgz",
      "integrity": "sha1-+1eGevK9sHyZXpI6A9Xzq7kRWt4="
    },
    "node_modules/accepts": {
      "version": "1.3.7",
      "resolved": "https://registry.npmjs.org/accepts/-/accepts-1.3.7.tgz",
      "integrity": "sha512-qbKNBCSsNnESZLhYYya88/SgnJp+OHBdvVJGsb0yNmE+TRFhPvhYHsYP1DkuyUppqX5ZhT7r8rRXdQXaU7+1OA==",
      "dependencies": {
        "mime-types": "~2.1.24",
        "negotiator": "0.6.2"
      }
    },
    "node_modules/array-flatten": {
      "version": "1.1.1",
      "resolved": "https://registry.npmjs.org/array-flatten/-/array-flatten-1.1.1.tgz",
      "integrity": "sha1-ml9pkFGx5wczKPKgCJaA6uBs/Pc="
    },
    "node_modules/body-parser": {
      "version": "1.19.0",
      "resolved": "https://registry.npmjs.org/body-parser/-/body-parser-1.19.0.tgz",
      "integrity": "sha512-HpXRKF+okUP+ne9UEM5ejKJ8G7K3akWmWlO4KxZ4oI6a7u4tP4V8p0nlQG0pq7/Y4V4fg8G0s3uYO5Zt3KdalQ==",
      "dependencies": {
        "bytes": "3.1.0",
        "content-type": "~1.0.4",
        "debug": "2.6.9",
        "depd": "~1.1.2",
        "http-errors": "1.7.2",
        "iconv-lite": "0.4.24",
        "on-finished": "~2.3.0",
        "qs": "6.7.0",
        "raw-body": "2.4.0",
        "type-is": "~1.6.18"
      }
    },
    "node_modules/bytes": {
      "version": "3.1.0",
      "resolved": "https://registry.npmjs.org/bytes/-/bytes-3.1.0.tgz",
      "integrity": "sha1-4nJ2aU6d56EhEGghozszE0Nm2io="
    },
    "node_modules/content-disposition": {
      "version": "0.5.3",
      "resolved": "https://registry.npmjs.org/content-disposition/-/content-disposition-0.5.3.tgz",
      "integrity": "sha512-DK4cP4cV1T8j8Xsco3+udK2iU6VHJX2iOTeMFgl2gNm1VfyPmwxqjDp6DZwmbFd66LHpTI0HX2IM8HEcU5Gpmg==",
      "dependencies": {
        "safe-buffer": "5.1.2"
      }
    },
    "node_modules/debug": {
      "version": "2.6.9",
      "resolved": "https://registry.npmjs.org/debug/-/debug-2.6.9.tgz",
      "integrity": "sha512-Gwp8VauuO3V4N1JjGmB2NE2a59UlH7ueRd2GVNjaYAVyupFSs6h5hVEJx8ZxBLgB+8axPZLbwXn1dNrp20VB9Q==",
      "dependencies": {
        "ms": "2.0.0"
      }
    }
  },
  "dependencies": {
    "accepts": {
      "version": "1.3.7",
      "resolved": "https://registry.npmjs.org/accepts/-/accepts-1.3.7.tgz",
      "integrity": "sha512-qbKNBCSsNnESZLhYYya88/SgnJp+OHBdvVJGsb0yNmE+TRFhPvhYHsYP1DkuyUppqX5ZhT7r8rRXdQXaU7+1OA==",
      "requires": {
        "mime-types": "~2.1.24",
        "negotiator": "0.6.2"
      }
    },
    "array-flatten": {
      "version": "1.1.1",
      "resolved": "https://registry.npmjs.org/array-flatten/-/array-flatten-1.1.1.tgz",
      "integrity": "sha1-ml9pkFGx5wczKPKgCJaA6uBs/Pc="
    },
    "body-parser": {
      "version": "1.19.0",
      "resolved": "https://registry.npmjs.org/body-parser/-/body-parser-1.19.0.tgz",
      "integrity": "sha512-HpXRKF+okUP+ne9UEM5ejKJ8G7K3akWmWlO4KxZ4oI6a7u4tP4V8p0nlQG0pq7/Y4V4fg8G0s3uYO5Zt3KdalQ==",
      "requires": {
        "bytes": "3.1.0",
        "content-type": "~1.0.4",
        "debug": "2.6.9",
        "depd": "~1.1.2",
        "http-errors": "1.7.2",
        "iconv-lite": "0.4.24",
        "on-finished": "~2.3.0",
        "qs": "6.7.0",
        "raw-body": "2.4.0",
        "type-is": "~1.6.18"
      }
    },
    "bytes": {
      "version": "3.1.0",
      "resolved": "https://registry.npmjs.org/bytes/-/bytes-3.1.0.tgz",
      "integrity": "sha1-4nJ2aU6d56EhEGghozszE0Nm2io="
    },
    "content-disposition": {
      "version": "0.5.3",
      "resolved": "https://registry.npmjs.org/content-disposition/-/content-disposition-0.5.3.tgz",
      "integrity": "sha512-DK4cP4cV1T8j8Xsco3+udK2iU6VHJX2iOTeMFgl2gNm1VfyPmwxqjDp6DZwmbFd66LHpTI0HX2IM8HEcU5Gpmg==",
      "requires": {
        "safe-buffer": "5.1.2"
      }
    },
    "debug": {
      "version": "2.6.9",
      "resolved": "https://registry.npmjs.org/debug/-/debug-2.6.9.tgz",
      "integrity": "sha512-Gwp8VauuO3V4N1JjGmB2NE2a59UlH7ueRd2GVNjaYAVyupFSs6h5hVEJx8ZxBLgB+8axPZLbwXn1dNrp20VB9Q==",
      "requires": {
        "ms": "2.0.0"
      }
    }
  }
}
